// !$*UTF8*$!
{
	archiveVersion = 1;
	classes = {
	};
	objectVersion = 50;
	objects = {

/* Begin PBXBuildFile section */
		6463F9A1208778E600C9B6E4 /* AppDelegate.swift in Sources */ = {isa = PBXBuildFile; fileRef = 6463F9A0208778E600C9B6E4 /* AppDelegate.swift */; };
		6463F9A3208778E600C9B6E4 /* ViewController.swift in Sources */ = {isa = PBXBuildFile; fileRef = 6463F9A2208778E600C9B6E4 /* ViewController.swift */; };
		6463F9A6208778E600C9B6E4 /* Main.storyboard in Resources */ = {isa = PBXBuildFile; fileRef = 6463F9A4208778E600C9B6E4 /* Main.storyboard */; };
		6463F9A8208778E600C9B6E4 /* Assets.xcassets in Resources */ = {isa = PBXBuildFile; fileRef = 6463F9A7208778E600C9B6E4 /* Assets.xcassets */; };
		6463F9AB208778E600C9B6E4 /* LaunchScreen.storyboard in Resources */ = {isa = PBXBuildFile; fileRef = 6463F9A9208778E600C9B6E4 /* LaunchScreen.storyboard */; };
		6463F9B6208778E700C9B6E4 /* DepthDataDemoTests.swift in Sources */ = {isa = PBXBuildFile; fileRef = 6463F9B5208778E700C9B6E4 /* DepthDataDemoTests.swift */; };
		6463F9C1208778E700C9B6E4 /* DepthDataDemoUITests.swift in Sources */ = {isa = PBXBuildFile; fileRef = 6463F9C0208778E700C9B6E4 /* DepthDataDemoUITests.swift */; };
/* End PBXBuildFile section */

/* Begin PBXContainerItemProxy section */
		6463F9B2208778E700C9B6E4 /* PBXContainerItemProxy */ = {
			isa = PBXContainerItemProxy;
			containerPortal = 6463F995208778E600C9B6E4 /* Project object */;
			proxyType = 1;
			remoteGlobalIDString = 6463F99C208778E600C9B6E4;
			remoteInfo = DepthDataDemo;
		};
		6463F9BD208778E700C9B6E4 /* PBXContainerItemProxy */ = {
			isa = PBXContainerItemProxy;
			containerPortal = 6463F995208778E600C9B6E4 /* Project object */;
			proxyType = 1;
			remoteGlobalIDString = 6463F99C208778E600C9B6E4;
			remoteInfo = DepthDataDemo;
		};
/* End PBXContainerItemProxy section */

/* Begin PBXFileReference section */
		6463F99D208778E600C9B6E4 /* DepthDataDemo.app */ = {isa = PBXFileReference; explicitFileType = wrapper.application; includeInIndex = 0; path = DepthDataDemo.app; sourceTree = BUILT_PRODUCTS_DIR; };
		6463F9A0208778E600C9B6E4 /* AppDelegate.swift */ = {isa = PBXFileReference; lastKnownFileType = sourcecode.swift; path = AppDelegate.swift; sourceTree = "<group>"; };
		6463F9A2208778E600C9B6E4 /* ViewController.swift */ = {isa = PBXFileReference; lastKnownFileType = sourcecode.swift; path = ViewController.swift; sourceTree = "<group>"; };
		6463F9A5208778E600C9B6E4 /* Base */ = {isa = PBXFileReference; lastKnownFileType = file.storyboard; name = Base; path = Base.lproj/Main.storyboard; sourceTree = "<group>"; };
		6463F9A7208778E600C9B6E4 /* Assets.xcassets */ = {isa = PBXFileReference; lastKnownFileType = folder.assetcatalog; path = Assets.xcassets; sourceTree = "<group>"; };
		6463F9AA208778E600C9B6E4 /* Base */ = {isa = PBXFileReference; lastKnownFileType = file.storyboard; name = Base; path = Base.lproj/LaunchScreen.storyboard; sourceTree = "<group>"; };
		6463F9AC208778E600C9B6E4 /* Info.plist */ = {isa = PBXFileReference; lastKnownFileType = text.plist.xml; path = Info.plist; sourceTree = "<group>"; };
		6463F9B1208778E700C9B6E4 /* DepthDataDemoTests.xctest */ = {isa = PBXFileReference; explicitFileType = wrapper.cfbundle; includeInIndex = 0; path = DepthDataDemoTests.xctest; sourceTree = BUILT_PRODUCTS_DIR; };
		6463F9B5208778E700C9B6E4 /* DepthDataDemoTests.swift */ = {isa = PBXFileReference; lastKnownFileType = sourcecode.swift; path = DepthDataDemoTests.swift; sourceTree = "<group>"; };
		6463F9B7208778E700C9B6E4 /* Info.plist */ = {isa = PBXFileReference; lastKnownFileType = text.plist.xml; path = Info.plist; sourceTree = "<group>"; };
		6463F9BC208778E700C9B6E4 /* DepthDataDemoUITests.xctest */ = {isa = PBXFileReference; explicitFileType = wrapper.cfbundle; includeInIndex = 0; path = DepthDataDemoUITests.xctest; sourceTree = BUILT_PRODUCTS_DIR; };
		6463F9C0208778E700C9B6E4 /* DepthDataDemoUITests.swift */ = {isa = PBXFileReference; lastKnownFileType = sourcecode.swift; path = DepthDataDemoUITests.swift; sourceTree = "<group>"; };
		6463F9C2208778E700C9B6E4 /* Info.plist */ = {isa = PBXFileReference; lastKnownFileType = text.plist.xml; path = Info.plist; sourceTree = "<group>"; };
/* End PBXFileReference section */

/* Begin PBXFrameworksBuildPhase section */
		6463F99A208778E600C9B6E4 /* Frameworks */ = {
			isa = PBXFrameworksBuildPhase;
			buildActionMask = 2147483647;
			files = (
			);
			runOnlyForDeploymentPostprocessing = 0;
		};
		6463F9AE208778E700C9B6E4 /* Frameworks */ = {
			isa = PBXFrameworksBuildPhase;
			buildActionMask = 2147483647;
			files = (
			);
			runOnlyForDeploymentPostprocessing = 0;
		};
		6463F9B9208778E700C9B6E4 /* Frameworks */ = {
			isa = PBXFrameworksBuildPhase;
			buildActionMask = 2147483647;
			files = (
			);
			runOnlyForDeploymentPostprocessing = 0;
		};
/* End PBXFrameworksBuildPhase section */

/* Begin PBXGroup section */
		6463F994208778E600C9B6E4 = {
			isa = PBXGroup;
			children = (
				6463F99F208778E600C9B6E4 /* DepthDataDemo */,
				6463F9B4208778E700C9B6E4 /* DepthDataDemoTests */,
				6463F9BF208778E700C9B6E4 /* DepthDataDemoUITests */,
				6463F99E208778E600C9B6E4 /* Products */,
			);
			sourceTree = "<group>";
		};
		6463F99E208778E600C9B6E4 /* Products */ = {
			isa = PBXGroup;
			children = (
				6463F99D208778E600C9B6E4 /* DepthDataDemo.app */,
				6463F9B1208778E700C9B6E4 /* DepthDataDemoTests.xctest */,
				6463F9BC208778E700C9B6E4 /* DepthDataDemoUITests.xctest */,
			);
			name = Products;
			sourceTree = "<group>";
		};
		6463F99F208778E600C9B6E4 /* DepthDataDemo */ = {
			isa = PBXGroup;
			children = (
				6463F9A0208778E600C9B6E4 /* AppDelegate.swift */,
				6463F9A2208778E600C9B6E4 /* ViewController.swift */,
				6463F9A4208778E600C9B6E4 /* Main.storyboard */,
				6463F9A7208778E600C9B6E4 /* Assets.xcassets */,
				6463F9A9208778E600C9B6E4 /* LaunchScreen.storyboard */,
				6463F9AC208778E600C9B6E4 /* Info.plist */,
			);
			path = DepthDataDemo;
			sourceTree = "<group>";
		};
		6463F9B4208778E700C9B6E4 /* DepthDataDemoTests */ = {
			isa = PBXGroup;
			children = (
				6463F9B5208778E700C9B6E4 /* DepthDataDemoTests.swift */,
				6463F9B7208778E700C9B6E4 /* Info.plist */,
			);
			path = DepthDataDemoTests;
			sourceTree = "<group>";
		};
		6463F9BF208778E700C9B6E4 /* DepthDataDemoUITests */ = {
			isa = PBXGroup;
			children = (
				6463F9C0208778E700C9B6E4 /* DepthDataDemoUITests.swift */,
				6463F9C2208778E700C9B6E4 /* Info.plist */,
			);
			path = DepthDataDemoUITests;
			sourceTree = "<group>";
		};
/* End PBXGroup section */

/* Begin PBXNativeTarget section */
		6463F99C208778E600C9B6E4 /* DepthDataDemo */ = {
			isa = PBXNativeTarget;
			buildConfigurationList = 6463F9C5208778E700C9B6E4 /* Build configuration list for PBXNativeTarget "DepthDataDemo" */;
			buildPhases = (
				6463F999208778E600C9B6E4 /* Sources */,
				6463F99A208778E600C9B6E4 /* Frameworks */,
				6463F99B208778E600C9B6E4 /* Resources */,
			);
			buildRules = (
			);
			dependencies = (
			);
			name = DepthDataDemo;
			productName = DepthDataDemo;
			productReference = 6463F99D208778E600C9B6E4 /* DepthDataDemo.app */;
			productType = "com.apple.product-type.application";
		};
		6463F9B0208778E700C9B6E4 /* DepthDataDemoTests */ = {
			isa = PBXNativeTarget;
			buildConfigurationList = 6463F9C8208778E700C9B6E4 /* Build configuration list for PBXNativeTarget "DepthDataDemoTests" */;
			buildPhases = (
				6463F9AD208778E700C9B6E4 /* Sources */,
				6463F9AE208778E700C9B6E4 /* Frameworks */,
				6463F9AF208778E700C9B6E4 /* Resources */,
			);
			buildRules = (
			);
			dependencies = (
				6463F9B3208778E700C9B6E4 /* PBXTargetDependency */,
			);
			name = DepthDataDemoTests;
			productName = DepthDataDemoTests;
			productReference = 6463F9B1208778E700C9B6E4 /* DepthDataDemoTests.xctest */;
			productType = "com.apple.product-type.bundle.unit-test";
		};
		6463F9BB208778E700C9B6E4 /* DepthDataDemoUITests */ = {
			isa = PBXNativeTarget;
			buildConfigurationList = 6463F9CB208778E700C9B6E4 /* Build configuration list for PBXNativeTarget "DepthDataDemoUITests" */;
			buildPhases = (
				6463F9B8208778E700C9B6E4 /* Sources */,
				6463F9B9208778E700C9B6E4 /* Frameworks */,
				6463F9BA208778E700C9B6E4 /* Resources */,
			);
			buildRules = (
			);
			dependencies = (
				6463F9BE208778E700C9B6E4 /* PBXTargetDependency */,
			);
			name = DepthDataDemoUITests;
			productName = DepthDataDemoUITests;
			productReference = 6463F9BC208778E700C9B6E4 /* DepthDataDemoUITests.xctest */;
			productType = "com.apple.product-type.bundle.ui-testing";
		};
/* End PBXNativeTarget section */

/* Begin PBXProject section */
		6463F995208778E600C9B6E4 /* Project object */ = {
			isa = PBXProject;
			attributes = {
				LastSwiftUpdateCheck = 0930;
				LastUpgradeCheck = 0930;
				ORGANIZATIONNAME = "zj-db1180";
				TargetAttributes = {
					6463F99C208778E600C9B6E4 = {
						CreatedOnToolsVersion = 9.3;
					};
					6463F9B0208778E700C9B6E4 = {
						CreatedOnToolsVersion = 9.3;
						TestTargetID = 6463F99C208778E600C9B6E4;
					};
					6463F9BB208778E700C9B6E4 = {
						CreatedOnToolsVersion = 9.3;
						TestTargetID = 6463F99C208778E600C9B6E4;
					};
				};
			};
			buildConfigurationList = 6463F998208778E600C9B6E4 /* Build configuration list for PBXProject "DepthDataDemo" */;
			compatibilityVersion = "Xcode 9.3";
			developmentRegion = en;
			hasScannedForEncodings = 0;
			knownRegions = (
				en,
				Base,
			);
			mainGroup = 6463F994208778E600C9B6E4;
			productRefGroup = 6463F99E208778E600C9B6E4 /* Products */;
			projectDirPath = "";
			projectRoot = "";
			targets = (
				6463F99C208778E600C9B6E4 /* DepthDataDemo */,
				6463F9B0208778E700C9B6E4 /* DepthDataDemoTests */,
				6463F9BB208778E700C9B6E4 /* DepthDataDemoUITests */,
			);
		};
/* End PBXProject section */

/* Begin PBXResourcesBuildPhase section */
		6463F99B208778E600C9B6E4 /* Resources */ = {
			isa = PBXResourcesBuildPhase;
			buildActionMask = 2147483647;
			files = (
				6463F9AB208778E600C9B6E4 /* LaunchScreen.storyboard in Resources */,
				6463F9A8208778E600C9B6E4 /* Assets.xcassets in Resources */,
				6463F9A6208778E600C9B6E4 /* Main.storyboard in Resources */,
			);
			runOnlyForDeploymentPostprocessing = 0;
		};
		6463F9AF208778E700C9B6E4 /* Resources */ = {
			isa = PBXResourcesBuildPhase;
			buildActionMask = 2147483647;
			files = (
			);
			runOnlyForDeploymentPostprocessing = 0;
		};
		6463F9BA208778E700C9B6E4 /* Resources */ = {
			isa = PBXResourcesBuildPhase;
			buildActionMask = 2147483647;
			files = (
			);
			runOnlyForDeploymentPostprocessing = 0;
		};
/* End PBXResourcesBuildPhase section */

/* Begin PBXSourcesBuildPhase section */
		6463F999208778E600C9B6E4 /* Sources */ = {
			isa = PBXSourcesBuildPhase;
			buildActionMask = 2147483647;
			files = (
				6463F9A3208778E600C9B6E4 /* ViewController.swift in Sources */,
				6463F9A1208778E600C9B6E4 /* AppDelegate.swift in Sources */,
			);
			runOnlyForDeploymentPostprocessing = 0;
		};
		6463F9AD208778E700C9B6E4 /* Sources */ = {
			isa = PBXSourcesBuildPhase;
			buildActionMask = 2147483647;
			files = (
				6463F9B6208778E700C9B6E4 /* DepthDataDemoTests.swift in Sources */,
			);
			runOnlyForDeploymentPostprocessing = 0;
		};
		6463F9B8208778E700C9B6E4 /* Sources */ = {
			isa = PBXSourcesBuildPhase;
			buildActionMask = 2147483647;
			files = (
				6463F9C1208778E700C9B6E4 /* DepthDataDemoUITests.swift in Sources */,
			);
			runOnlyForDeploymentPostprocessing = 0;
		};
/* End PBXSourcesBuildPhase section */

/* Begin PBXTargetDependency section */
		6463F9B3208778E700C9B6E4 /* PBXTargetDependency */ = {
			isa = PBXTargetDependency;
			target = 6463F99C208778E600C9B6E4 /* DepthDataDemo */;
			targetProxy = 6463F9B2208778E700C9B6E4 /* PBXContainerItemProxy */;
		};
		6463F9BE208778E700C9B6E4 /* PBXTargetDependency */ = {
			isa = PBXTargetDependency;
			target = 6463F99C208778E600C9B6E4 /* DepthDataDemo */;
			targetProxy = 6463F9BD208778E700C9B6E4 /* PBXContainerItemProxy */;
		};
/* End PBXTargetDependency section */

/* Begin PBXVariantGroup section */
		6463F9A4208778E600C9B6E4 /* Main.storyboard */ = {
			isa = PBXVariantGroup;
			children = (
				6463F9A5208778E600C9B6E4 /* Base */,
			);
			name = Main.storyboard;
			sourceTree = "<group>";
		};
		6463F9A9208778E600C9B6E4 /* LaunchScreen.storyboard */ = {
			isa = PBXVariantGroup;
			children = (
				6463F9AA208778E600C9B6E4 /* Base */,
			);
			name = LaunchScreen.storyboard;
			sourceTree = "<group>";
		};
/* End PBXVariantGroup section */

/* Begin XCBuildConfiguration section */
		6463F9C3208778E700C9B6E4 /* Debug */ = {
			isa = XCBuildConfiguration;
			buildSettings = {
				ALWAYS_SEARCH_USER_PATHS = NO;
				CLANG_ANALYZER_NONNULL = YES;
				CLANG_ANALYZER_NUMBER_OBJECT_CONVERSION = YES_AGGRESSIVE;
				CLANG_CXX_LANGUAGE_STANDARD = "gnu++14";
				CLANG_CXX_LIBRARY = "libc++";
				CLANG_ENABLE_MODULES = YES;
				CLANG_ENABLE_OBJC_ARC = YES;
				CLANG_ENABLE_OBJC_WEAK = YES;
				CLANG_WARN_BLOCK_CAPTURE_AUTORELEASING = YES;
				CLANG_WARN_BOOL_CONVERSION = YES;
				CLANG_WARN_COMMA = YES;
				CLANG_WARN_CONSTANT_CONVERSION = YES;
				CLANG_WARN_DEPRECATED_OBJC_IMPLEMENTATIONS = YES;
				CLANG_WARN_DIRECT_OBJC_ISA_USAGE = YES_ERROR;
				CLANG_WARN_DOCUMENTATION_COMMENTS = YES;
				CLANG_WARN_EMPTY_BODY = YES;
				CLANG_WARN_ENUM_CONVERSION = YES;
				CLANG_WARN_INFINITE_RECURSION = YES;
				CLANG_WARN_INT_CONVERSION = YES;
				CLANG_WARN_NON_LITERAL_NULL_CONVERSION = YES;
				CLANG_WARN_OBJC_IMPLICIT_RETAIN_SELF = YES;
				CLANG_WARN_OBJC_LITERAL_CONVERSION = YES;
				CLANG_WARN_OBJC_ROOT_CLASS = YES_ERROR;
				CLANG_WARN_RANGE_LOOP_ANALYSIS = YES;
				CLANG_WARN_STRICT_PROTOTYPES = YES;
				CLANG_WARN_SUSPICIOUS_MOVE = YES;
				CLANG_WARN_UNGUARDED_AVAILABILITY = YES_AGGRESSIVE;
				CLANG_WARN_UNREACHABLE_CODE = YES;
				CLANG_WARN__DUPLICATE_METHOD_MATCH = YES;
				CODE_SIGN_IDENTITY = "iPhone Developer";
				COPY_PHASE_STRIP = NO;
				DEBUG_INFORMATION_FORMAT = dwarf;
				ENABLE_STRICT_OBJC_MSGSEND = YES;
				ENABLE_TESTABILITY = YES;
				GCC_C_LANGUAGE_STANDARD = gnu11;
				GCC_DYNAMIC_NO_PIC = NO;
				GCC_NO_COMMON_BLOCKS = YES;
				GCC_OPTIMIZATION_LEVEL = 0;
				GCC_PREPROCESSOR_DEFINITIONS = (
					"DEBUG=1",
					"$(inherited)",
				);
				GCC_WARN_64_TO_32_BIT_CONVERSION = YES;
				GCC_WARN_ABOUT_RETURN_TYPE = YES_ERROR;
				GCC_WARN_UNDECLARED_SELECTOR = YES;
				GCC_WARN_UNINITIALIZED_AUTOS = YES_AGGRESSIVE;
				GCC_WARN_UNUSED_FUNCTION = YES;
				GCC_WARN_UNUSED_VARIABLE = YES;
				IPHONEOS_DEPLOYMENT_TARGET = 11.3;
				MTL_ENABLE_DEBUG_INFO = YES;
				ONLY_ACTIVE_ARCH = YES;
				SDKROOT = iphoneos;
				SWIFT_ACTIVE_COMPILATION_CONDITIONS = DEBUG;
				SWIFT_OPTIMIZATION_LEVEL = "-Onone";
			};
			name = Debug;
		};
		6463F9C4208778E700C9B6E4 /* Release */ = {
			isa = XCBuildConfiguration;
			buildSettings = {
				ALWAYS_SEARCH_USER_PATHS = NO;
				CLANG_ANALYZER_NONNULL = YES;
				CLANG_ANALYZER_NUMBER_OBJECT_CONVERSION = YES_AGGRESSIVE;
				CLANG_CXX_LANGUAGE_STANDARD = "gnu++14";
				CLANG_CXX_LIBRARY = "libc++";
				CLANG_ENABLE_MODULES = YES;
				CLANG_ENABLE_OBJC_ARC = YES;
				CLANG_ENABLE_OBJC_WEAK = YES;
				CLANG_WARN_BLOCK_CAPTURE_AUTORELEASING = YES;
				CLANG_WARN_BOOL_CONVERSION = YES;
				CLANG_WARN_COMMA = YES;
				CLANG_WARN_CONSTANT_CONVERSION = YES;
				CLANG_WARN_DEPRECATED_OBJC_IMPLEMENTATIONS = YES;
				CLANG_WARN_DIRECT_OBJC_ISA_USAGE = YES_ERROR;
				CLANG_WARN_DOCUMENTATION_COMMENTS = YES;
				CLANG_WARN_EMPTY_BODY = YES;
				CLANG_WARN_ENUM_CONVERSION = YES;
				CLANG_WARN_INFINITE_RECURSION = YES;
				CLANG_WARN_INT_CONVERSION = YES;
				CLANG_WARN_NON_LITERAL_NULL_CONVERSION = YES;
				CLANG_WARN_OBJC_IMPLICIT_RETAIN_SELF = YES;
				CLANG_WARN_OBJC_LITERAL_CONVERSION = YES;
				CLANG_WARN_OBJC_ROOT_CLASS = YES_ERROR;
				CLANG_WARN_RANGE_LOOP_ANALYSIS = YES;
				CLANG_WARN_STRICT_PROTOTYPES = YES;
				CLANG_WARN_SUSPICIOUS_MOVE = YES;
				CLANG_WARN_UNGUARDED_AVAILABILITY = YES_AGGRESSIVE;
				CLANG_WARN_UNREACHABLE_CODE = YES;
				CLANG_WARN__DUPLICATE_METHOD_MATCH = YES;
				CODE_SIGN_IDENTITY = "iPhone Developer";
				COPY_PHASE_STRIP = NO;
				DEBUG_INFORMATION_FORMAT = "dwarf-with-dsym";
				ENABLE_NS_ASSERTIONS = NO;
				ENABLE_STRICT_OBJC_MSGSEND = YES;
				GCC_C_LANGUAGE_STANDARD = gnu11;
				GCC_NO_COMMON_BLOCKS = YES;
				GCC_WARN_64_TO_32_BIT_CONVERSION = YES;
				GCC_WARN_ABOUT_RETURN_TYPE = YES_ERROR;
				GCC_WARN_UNDECLARED_SELECTOR = YES;
				GCC_WARN_UNINITIALIZED_AUTOS = YES_AGGRESSIVE;
				GCC_WARN_UNUSED_FUNCTION = YES;
				GCC_WARN_UNUSED_VARIABLE = YES;
				IPHONEOS_DEPLOYMENT_TARGET = 11.3;
				MTL_ENABLE_DEBUG_INFO = NO;
				SDKROOT = iphoneos;
				SWIFT_COMPILATION_MODE = wholemodule;
				SWIFT_OPTIMIZATION_LEVEL = "-O";
				VALIDATE_PRODUCT = YES;
			};
			name = Release;
		};
		6463F9C6208778E700C9B6E4 /* Debug */ = {
			isa = XCBuildConfiguration;
			buildSettings = {
				ASSETCATALOG_COMPILER_APPICON_NAME = AppIcon;
				CODE_SIGN_IDENTITY = "iPhone Developer";
				CODE_SIGN_STYLE = Automatic;
				DEVELOPMENT_TEAM = WPW996P6NP;
				INFOPLIST_FILE = DepthDataDemo/Info.plist;
				IPHONEOS_DEPLOYMENT_TARGET = 11.1;
				LD_RUNPATH_SEARCH_PATHS = (
					"$(inherited)",
					"@executable_path/Frameworks",
				);
				PRODUCT_BUNDLE_IDENTIFIER = com.4Paradigm.normal.Demo;
				PRODUCT_NAME = "$(TARGET_NAME)";
				PROVISIONING_PROFILE = "";
				PROVISIONING_PROFILE_SPECIFIER = "";
				SWIFT_VERSION = 4.0;
				TARGETED_DEVICE_FAMILY = "1,2";
			};
			name = Debug;
		};
		6463F9C7208778E700C9B6E4 /* Release */ = {
			isa = XCBuildConfiguration;
			buildSettings = {
				ASSETCATALOG_COMPILER_APPICON_NAME = AppIcon;
				CODE_SIGN_IDENTITY = "iPhone Developer";
				CODE_SIGN_STYLE = Automatic;
				DEVELOPMENT_TEAM = WPW996P6NP;
				INFOPLIST_FILE = DepthDataDemo/Info.plist;
				IPHONEOS_DEPLOYMENT_TARGET = 11.1;
				LD_RUNPATH_SEARCH_PATHS = (
					"$(inherited)",
					"@executable_path/Frameworks",
				);
				PRODUCT_BUNDLE_IDENTIFIER = com.4Paradigm.normal.Demo;
				PRODUCT_NAME = "$(TARGET_NAME)";
				PROVISIONING_PROFILE_SPECIFIER = "";
				SWIFT_VERSION = 4.0;
				TARGETED_DEVICE_FAMILY = "1,2";
			};
			name = Release;
		};
		6463F9C9208778E700C9B6E4 /* Debug */ = {
			isa = XCBuildConfiguration;
			buildSettings = {
				ALWAYS_EMBED_SWIFT_STANDARD_LIBRARIES = YES;
				BUNDLE_LOADER = "$(TEST_HOST)";
				CODE_SIGN_STYLE = Automatic;
				INFOPLIST_FILE = DepthDataDemoTests/Info.plist;
				LD_RUNPATH_SEARCH_PATHS = (
					"$(inherited)",
					"@executable_path/Frameworks",
					"@loader_path/Frameworks",
				);
				PRODUCT_BUNDLE_IDENTIFIER = meitu.DepthDataDemoTests;
				PRODUCT_NAME = "$(TARGET_NAME)";
				SWIFT_VERSION = 4.0;
				TARGETED_DEVICE_FAMILY = "1,2";
				TEST_HOST = "$(BUILT_PRODUCTS_DIR)/DepthDataDemo.app/DepthDataDemo";
			};
			name = Debug;
		};
		6463F9CA208778E700C9B6E4 /* Release */ = {
			isa = XCBuildConfiguration;
			buildSettings = {
				ALWAYS_EMBED_SWIFT_STANDARD_LIBRARIES = YES;
				BUNDLE_LOADER = "$(TEST_HOST)";
				CODE_SIGN_STYLE = Automatic;
				INFOPLIST_FILE = DepthDataDemoTests/Info.plist;
				LD_RUNPATH_SEARCH_PATHS = (
					"$(inherited)",
					"@executable_path/Frameworks",
					"@loader_path/Frameworks",
				);
				PRODUCT_BUNDLE_IDENTIFIER = meitu.DepthDataDemoTests;
				PRODUCT_NAME = "$(TARGET_NAME)";
				SWIFT_VERSION = 4.0;
				TARGETED_DEVICE_FAMILY = "1,2";
				TEST_HOST = "$(BUILT_PRODUCTS_DIR)/DepthDataDemo.app/DepthDataDemo";
			};
			name = Release;
		};
		6463F9CC208778E700C9B6E4 /* Debug */ = {
			isa = XCBuildConfiguration;
			buildSettings = {
				ALWAYS_EMBED_SWIFT_STANDARD_LIBRARIES = YES;
				CODE_SIGN_STYLE = Automatic;
				INFOPLIST_FILE = DepthDataDemoUITests/Info.plist;
				LD_RUNPATH_SEARCH_PATHS = (
					"$(inherited)",
					"@executable_path/Frameworks",
					"@loader_path/Frameworks",
				);
				PRODUCT_BUNDLE_IDENTIFIER = meitu.DepthDataDemoUITests;
				PRODUCT_NAME = "$(TARGET_NAME)";
				SWIFT_VERSION = 4.0;
				TARGETED_DEVICE_FAMILY = "1,2";
				TEST_TARGET_NAME = DepthDataDemo;
			};
			name = Debug;
		};
		6463F9CD208778E700C9B6E4 /* Release */ = {
			isa = XCBuildConfiguration;
			buildSettings = {
				ALWAYS_EMBED_SWIFT_STANDARD_LIBRARIES = YES;
				CODE_SIGN_STYLE = Automatic;
				INFOPLIST_FILE = DepthDataDemoUITests/Info.plist;
				LD_RUNPATH_SEARCH_PATHS = (
					"$(inherited)",
					"@executable_path/Frameworks",
					"@loader_path/Frameworks",
				);
				PRODUCT_BUNDLE_IDENTIFIER = meitu.DepthDataDemoUITests;
				PRODUCT_NAME = "$(TARGET_NAME)";
				SWIFT_VERSION = 4.0;
				TARGETED_DEVICE_FAMILY = "1,2";
				TEST_TARGET_NAME = DepthDataDemo;
			};
			name = Release;
		};
/* End XCBuildConfiguration section */

/* Begin XCConfigurationList section */
		6463F998208778E600C9B6E4 /* Build configuration list for PBXProject "DepthDataDemo" */ = {
			isa = XCConfigurationList;
			buildConfigurations = (
				6463F9C3208778E700C9B6E4 /* Debug */,
				6463F9C4208778E700C9B6E4 /* Release */,
			);
			defaultConfigurationIsVisible = 0;
			defaultConfigurationName = Release;
		};
		6463F9C5208778E700C9B6E4 /* Build configuration list for PBXNativeTarget "DepthDataDemo" */ = {
			isa = XCConfigurationList;
			buildConfigurations = (
				6463F9C6208778E700C9B6E4 /* Debug */,
				6463F9C7208778E700C9B6E4 /* Release */,
			);
			defaultConfigurationIsVisible = 0;
			defaultConfigurationName = Release;
		};
		6463F9C8208778E700C9B6E4 /* Build configuration list for PBXNativeTarget "DepthDataDemoTests" */ = {
			isa = XCConfigurationList;
			buildConfigurations = (
				6463F9C9208778E700C9B6E4 /* Debug */,
				6463F9CA208778E700C9B6E4 /* Release */,
			);
			defaultConfigurationIsVisible = 0;
			defaultConfigurationName = Release;
		};
		6463F9CB208778E700C9B6E4 /* Build configuration list for PBXNativeTarget "DepthDataDemoUITests" */ = {
			isa = XCConfigurationList;
			buildConfigurations = (
				6463F9CC208778E700C9B6E4 /* Debug */,
				6463F9CD208778E700C9B6E4 /* Release */,
			);
			defaultConfigurationIsVisible = 0;
			defaultConfigurationName = Release;
		};
/* End XCConfigurationList section */
	};
	rootObject = 6463F995208778E600C9B6E4 /* Project object */;
}
